
Microsoft Visual Studio Solution File, Format Version 12.00
# Visual Studio Version 17
VisualStudioVersion = 17.13.35828.75
MinimumVisualStudioVersion = 10.0.40219.1
Project("{FAE04EC0-301F-11D3-BF4B-00C04F79EFBC}") = "SuperMarket", "ANK20SuperMarket\SuperMarket.csproj", "{5449A909-5273-4135-918C-0BD6C8804221}"
EndProject
Global
	GlobalSection(SolutionConfigurationPlatforms) = preSolution
		Debug|Any CPU = Debug|Any CPU
		Release|Any CPU = Release|Any CPU
	EndGlobalSection
	GlobalSection(ProjectConfigurationPlatforms) = postSolution
		{5449A909-5273-4135-918C-0BD6C8804221}.Debug|Any CPU.ActiveCfg = Debug|Any CPU
		{5449A909-5273-4135-918C-0BD6C8804221}.Debug|Any CPU.Build.0 = Debug|Any CPU
		{5449A909-5273-4135-918C-0BD6C8804221}.Release|Any CPU.ActiveCfg = Release|Any CPU
		{5449A909-5273-4135-918C-0BD6C8804221}.Release|Any CPU.Build.0 = Release|Any CPU
	EndGlobalSection
	GlobalSection(SolutionProperties) = preSolution
		HideSolutionNode = FALSE
	EndGlobalSection
	GlobalSection(ExtensibilityGlobals) = postSolution
		SolutionGuid = {5914950E-19A8-42B2-AA8B-CC264BFD696F}
	EndGlobalSection
EndGlobal
